
Microsoft Visual Studio Solution File, Format Version 12.00
# Visual Studio Version 16
VisualStudioVersion = 16.0.28803.352
MinimumVisualStudioVersion = 10.0.40219.1
Project("{9A19103F-16F7-4668-BE54-9A1E7A4F7556}") = "AzureActiveDirectoryEventProcessor", "AzureActiveDirectoryEventProcessor\AzureActiveDirectoryEventProcessor.csproj", "{0F35B3A5-0890-4411-8945-3F30A816B4C9}"
EndProject
Project("{2150E333-8FDC-42A3-9474-1A3956D46DE8}") = "StreamAnalytics", "StreamAnalytics", "{CCC77587-7481-408C-8958-70AF6E31726C}"
	ProjectSection(SolutionItems) = preProject
		StreamAnalytics\.gitignore = StreamAnalytics\.gitignore
		StreamAnalytics\azuredeploy.json = StreamAnalytics\azuredeploy.json
		StreamAnalytics\azuredeploy.parameters.json = StreamAnalytics\azuredeploy.parameters.json
		StreamAnalytics\azuredeploy.values.json = StreamAnalytics\azuredeploy.values.json
		StreamAnalytics\deploy.sh = StreamAnalytics\deploy.sh
	EndProjectSection
EndProject
Global
	GlobalSection(SolutionConfigurationPlatforms) = preSolution
		Debug|Any CPU = Debug|Any CPU
		Release|Any CPU = Release|Any CPU
	EndGlobalSection
	GlobalSection(ProjectConfigurationPlatforms) = postSolution
		{0F35B3A5-0890-4411-8945-3F30A816B4C9}.Debug|Any CPU.ActiveCfg = Debug|Any CPU
		{0F35B3A5-0890-4411-8945-3F30A816B4C9}.Debug|Any CPU.Build.0 = Debug|Any CPU
		{0F35B3A5-0890-4411-8945-3F30A816B4C9}.Release|Any CPU.ActiveCfg = Release|Any CPU
		{0F35B3A5-0890-4411-8945-3F30A816B4C9}.Release|Any CPU.Build.0 = Release|Any CPU
	EndGlobalSection
	GlobalSection(SolutionProperties) = preSolution
		HideSolutionNode = FALSE
	EndGlobalSection
	GlobalSection(ExtensibilityGlobals) = postSolution
		SolutionGuid = {E4F5923C-7D8E-4CDF-9F8F-D57EA742CBD7}
	EndGlobalSection
EndGlobal
